
Microsoft Visual Studio Solution File, Format Version 12.00
# Visual Studio Version 17
VisualStudioVersion = 17.5.002.0
MinimumVisualStudioVersion = 10.0.40219.1
Project("{9A19103F-16F7-4668-BE54-9A1E7A4F7556}") = "PlanningPoker", "PlanningPoker.csproj", "{0EFC307E-0002-4EF9-9D87-43D1F388624C}"
EndProject
Global
	GlobalSection(SolutionConfigurationPlatforms) = preSolution
		Debug|Any CPU = Debug|Any CPU
		Release|Any CPU = Release|Any CPU
	EndGlobalSection
	GlobalSection(ProjectConfigurationPlatforms) = postSolution
		{0EFC307E-0002-4EF9-9D87-43D1F388624C}.Debug|Any CPU.ActiveCfg = Debug|Any CPU
		{0EFC307E-0002-4EF9-9D87-43D1F388624C}.Debug|Any CPU.Build.0 = Debug|Any CPU
		{0EFC307E-0002-4EF9-9D87-43D1F388624C}.Release|Any CPU.ActiveCfg = Release|Any CPU
		{0EFC307E-0002-4EF9-9D87-43D1F388624C}.Release|Any CPU.Build.0 = Release|Any CPU
	EndGlobalSection
	GlobalSection(SolutionProperties) = preSolution
		HideSolutionNode = FALSE
	EndGlobalSection
	GlobalSection(ExtensibilityGlobals) = postSolution
		SolutionGuid = {3D1159D2-E891-4A65-914B-B11A78E5398D}
	EndGlobalSection
EndGlobal
